{
  "name": "example",
  "version": "1.0.0",
  "lockfileVersion": 1,
  "requires": true,
  "dependencies": {
    "@types/node": {
      "version": "12.0.3",
      "resolved": "https://registry.npmjs.org/@types/node/-/node-12.0.3.tgz",
      "integrity": "sha512-zkOxCS/fA+3SsdA+9Yun0iANxzhQRiNwTvJSr6N95JhuJ/x27z9G2URx1Jpt3zYFfCGUXZGL5UDxt5eyLE7wgw=="
    },
    "@types/node-fetch": {
      "version": "2.3.4",
      "resolved": "https://registry.npmjs.org/@types/node-fetch/-/node-fetch-2.3.4.tgz",
      "integrity": "sha512-ZwGXz5osL88SF+jlbbz0WJlINlOZHoSWPrLytQRWRdB6j/KVLup1OoqIxnjO6q9ToqEEP3MZFzJCotgge+IiRw==",
      "requires": {
        "@types/node": "*"
      }
    },
    "decoder-js": {
      "version": "1.1.0",
      "resolved": "https://registry.npmjs.org/decoder-js/-/decoder-js-1.1.0.tgz",
      "integrity": "sha512-rntyMRoRV/DGSGosl53DGL20njlQfcKHgwqYrm5M+8r764sRdEG30XzjqjxG0uyUYNR3ITB/roGSFiSnXIP/eQ==",
      "requires": {
        "fp-ts": "^1.8.1"
      }
    },
    "fp-ts": {
      "version": "1.9.0",
      "resolved": "https://registry.npmjs.org/fp-ts/-/fp-ts-1.9.0.tgz",
      "integrity": "sha512-mYWI4hCS1Qntbw+Zqh6SnxIXuecrlmW6e7DHbTT8e5S45SAP37JH+z6yAsecxCe62A20XUDy0Vr7FeLxuXLRlw=="
    },
    "node-fetch": {
      "version": "2.6.0",
      "resolved": "https://registry.npmjs.org/node-fetch/-/node-fetch-2.6.0.tgz",
      "integrity": "sha512-8dG4H5ujfvFiqDmVu9fQ5bOHUC15JMjMY/Zumv26oOvvVJjM67KF8koCWIabKQ1GJIa9r2mMZscBq/TbdOcmNA=="
    },
    "typescript": {
      "version": "3.1.1",
      "resolved": "https://registry.npmjs.org/typescript/-/typescript-3.1.1.tgz",
      "integrity": "sha512-Veu0w4dTc/9wlWNf2jeRInNodKlcdLgemvPsrNpfu5Pq39sgfFjvIIgTsvUHCoLBnMhPoUA+tFxsXjU6VexVRQ=="
    }
  }
}
